PODS:
  - Expression (0.13.2)
  - iosMath (0.9.4)

DEPENDENCIES:
  - Expression (~> 0.12)
  - iosMath

SPEC REPOS:
  trunk:
    - Expression
    - iosMath

SPEC CHECKSUMS:
  Expression: d701814068e202209e82c3e4d7cc573d3028e6e8
  iosMath: f7a6cbadf9d836d2149c2a84c435b1effc244cba

PODFILE CHECKSUM: bebf85b6bcf408949d0d461b814e6b6fbc2313b8

COCOAPODS: 1.9.3
