// !$*UTF8*$!
{
	archiveVersion = 1;
	classes = {
	};
	objectVersion = 51;
	objects = {

/* Begin PBXBuildFile section */
		2F7BF2EC9D6BB21C53CBC7F9 /* Pods_Alfonso_Equation_Editor.framework in Frameworks */ = {isa = PBXBuildFile; fileRef = B6D9F978E3EA4E54C7FB36A4 /* Pods_Alfonso_Equation_Editor.framework */; };
		5733154547F1971A8425DD74 /* Pods_Alfonso_Equation_EditorTests.framework in Frameworks */ = {isa = PBXBuildFile; fileRef = 9C66317F13004906B686B22A /* Pods_Alfonso_Equation_EditorTests.framework */; };
		D711B50E250842FA00D1B510 /* CenteringClipView.swift in Sources */ = {isa = PBXBuildFile; fileRef = D711B50D250842FA00D1B510 /* CenteringClipView.swift */; };
		D731082E24FD44FE00FA86BD /* SKTZoomingScrollView.m in Sources */ = {isa = PBXBuildFile; fileRef = D731082C24FD44FE00FA86BD /* SKTZoomingScrollView.m */; settings = {COMPILER_FLAGS = "-fno-objc-arc"; }; };
		D731083124FD450C00FA86BD /* SKTCenteringClipView.m in Sources */ = {isa = PBXBuildFile; fileRef = D731082F24FD450C00FA86BD /* SKTCenteringClipView.m */; settings = {COMPILER_FLAGS = "-fno-objc-arc"; }; };
		D731085F24FD756300FA86BD /* DraggableClipView.swift in Sources */ = {isa = PBXBuildFile; fileRef = D731085E24FD756300FA86BD /* DraggableClipView.swift */; };
		D75705BD2507A7A600E9D2CE /* Credits.rtf in Resources */ = {isa = PBXBuildFile; fileRef = D75705BC2507A7A600E9D2CE /* Credits.rtf */; };
		D75E7907239AD9F700EC8111 /* AppDelegate.swift in Sources */ = {isa = PBXBuildFile; fileRef = D75E7906239AD9F700EC8111 /* AppDelegate.swift */; };
		D75E790A239AD9F700EC8111 /* Alfonso_Equation_Editor.xcdatamodeld in Sources */ = {isa = PBXBuildFile; fileRef = D75E7908239AD9F700EC8111 /* Alfonso_Equation_Editor.xcdatamodeld */; };
		D75E790C239AD9F800EC8111 /* Assets.xcassets in Resources */ = {isa = PBXBuildFile; fileRef = D75E790B239AD9F800EC8111 /* Assets.xcassets */; };
		D75E790F239AD9F800EC8111 /* MainMenu.xib in Resources */ = {isa = PBXBuildFile; fileRef = D75E790D239AD9F800EC8111 /* MainMenu.xib */; };
		D75E791B239AD9F800EC8111 /* Alfonso_Equation_EditorTests.swift in Sources */ = {isa = PBXBuildFile; fileRef = D75E791A239AD9F800EC8111 /* Alfonso_Equation_EditorTests.swift */; };
		D75E7926239AD9F800EC8111 /* Alfonso_Equation_EditorUITests.swift in Sources */ = {isa = PBXBuildFile; fileRef = D75E7925239AD9F800EC8111 /* Alfonso_Equation_EditorUITests.swift */; };
		D75E7934239ADA1400EC8111 /* CartesianBackgroundView.swift in Sources */ = {isa = PBXBuildFile; fileRef = D75E7933239ADA1400EC8111 /* CartesianBackgroundView.swift */; };
		D75E7938239B12D100EC8111 /* Sinus.swift in Sources */ = {isa = PBXBuildFile; fileRef = D75E7937239B12D100EC8111 /* Sinus.swift */; };
		D75E793A239B187600EC8111 /* ParabolaView.swift in Sources */ = {isa = PBXBuildFile; fileRef = D75E7939239B187600EC8111 /* ParabolaView.swift */; };
		D76639A12503506F0044AFA1 /* AbstractEquationView.swift in Sources */ = {isa = PBXBuildFile; fileRef = D76639A02503506F0044AFA1 /* AbstractEquationView.swift */; };
		D76639A32503631D0044AFA1 /* GridView.swift in Sources */ = {isa = PBXBuildFile; fileRef = D76639A22503631D0044AFA1 /* GridView.swift */; };
		D77DB410250A8D30002B50EF /* OrangeCenterView.swift in Sources */ = {isa = PBXBuildFile; fileRef = D77DB40F250A8D30002B50EF /* OrangeCenterView.swift */; };
		D77DB412250AA1D5002B50EF /* PowerOfThreeView.swift in Sources */ = {isa = PBXBuildFile; fileRef = D77DB411250AA1D5002B50EF /* PowerOfThreeView.swift */; };
		D77DB414250AA30A002B50EF /* RettaView.swift in Sources */ = {isa = PBXBuildFile; fileRef = D77DB413250AA30A002B50EF /* RettaView.swift */; };
		D77DB416250AA366002B50EF /* AbsoluteValueView.swift in Sources */ = {isa = PBXBuildFile; fileRef = D77DB415250AA366002B50EF /* AbsoluteValueView.swift */; };
		D78E7395250531E50044682C /* Folio-Std-Bold-Condensed.ttf in Resources */ = {isa = PBXBuildFile; fileRef = D78E7390250531E50044682C /* Folio-Std-Bold-Condensed.ttf */; };
		D78E7396250531E50044682C /* Folio-Std-Light.ttf in Resources */ = {isa = PBXBuildFile; fileRef = D78E7391250531E50044682C /* Folio-Std-Light.ttf */; };
		D78E7397250531E50044682C /* Folio-Std-Extra-Bold.ttf in Resources */ = {isa = PBXBuildFile; fileRef = D78E7392250531E50044682C /* Folio-Std-Extra-Bold.ttf */; };
		D78E7398250531E50044682C /* Folio-Std-Medium.ttf in Resources */ = {isa = PBXBuildFile; fileRef = D78E7393250531E50044682C /* Folio-Std-Medium.ttf */; };
		D78E7399250531E50044682C /* Folio-Std-Bold.ttf in Resources */ = {isa = PBXBuildFile; fileRef = D78E7394250531E50044682C /* Folio-Std-Bold.ttf */; };
		D78E739B2505335C0044682C /* Folio-Std-Bold-Condensed.ttf in CopyFiles */ = {isa = PBXBuildFile; fileRef = D78E7390250531E50044682C /* Folio-Std-Bold-Condensed.ttf */; };
		D78E739C2505335C0044682C /* Folio-Std-Bold.ttf in CopyFiles */ = {isa = PBXBuildFile; fileRef = D78E7394250531E50044682C /* Folio-Std-Bold.ttf */; };
		D78E739D2505335C0044682C /* Folio-Std-Extra-Bold.ttf in CopyFiles */ = {isa = PBXBuildFile; fileRef = D78E7392250531E50044682C /* Folio-Std-Extra-Bold.ttf */; };
		D78E739E2505335C0044682C /* Folio-Std-Light.ttf in CopyFiles */ = {isa = PBXBuildFile; fileRef = D78E7391250531E50044682C /* Folio-Std-Light.ttf */; };
		D78E739F2505335C0044682C /* Folio-Std-Medium.ttf in CopyFiles */ = {isa = PBXBuildFile; fileRef = D78E7393250531E50044682C /* Folio-Std-Medium.ttf */; };
		D7A1565B250E5ECC00F4B8A3 /* CrossView.swift in Sources */ = {isa = PBXBuildFile; fileRef = D7A1565A250E5ECC00F4B8A3 /* CrossView.swift */; };
		D7A15664250E8A7100F4B8A3 /* MASPreferencesWindow.xib in Resources */ = {isa = PBXBuildFile; fileRef = D7A15660250E8A7100F4B8A3 /* MASPreferencesWindow.xib */; };
		D7A15665250E8A7100F4B8A3 /* MASPreferencesWindowController.m in Sources */ = {isa = PBXBuildFile; fileRef = D7A15663250E8A7100F4B8A3 /* MASPreferencesWindowController.m */; };
		D7A1567C250E8A7C00F4B8A3 /* SearchFieldEnabledValueTransformer.m in Sources */ = {isa = PBXBuildFile; fileRef = D7A15668250E8A7C00F4B8A3 /* SearchFieldEnabledValueTransformer.m */; };
		D7A1567F250E8A7C00F4B8A3 /* GeneralPreferencesView.xib in Resources */ = {isa = PBXBuildFile; fileRef = D7A1566F250E8A7C00F4B8A3 /* GeneralPreferencesView.xib */; };
		D7A15680250E8A7C00F4B8A3 /* GeneralPreferencesViewController.m in Sources */ = {isa = PBXBuildFile; fileRef = D7A15671250E8A7C00F4B8A3 /* GeneralPreferencesViewController.m */; };
		D7A15681250E8A7C00F4B8A3 /* FontAndColorsPreferencesViewController.m in Sources */ = {isa = PBXBuildFile; fileRef = D7A15673250E8A7C00F4B8A3 /* FontAndColorsPreferencesViewController.m */; };
		D7A15682250E8A7C00F4B8A3 /* FontsAndColorsPreferencesView.xib in Resources */ = {isa = PBXBuildFile; fileRef = D7A15674250E8A7C00F4B8A3 /* FontsAndColorsPreferencesView.xib */; };
		D7A15683250E8A7C00F4B8A3 /* SingleAttributeViewController.m in Sources */ = {isa = PBXBuildFile; fileRef = D7A15676250E8A7C00F4B8A3 /* SingleAttributeViewController.m */; };
		D7A15684250E8A7C00F4B8A3 /* SingleAttributeViewControllerWithStyle.xib in Resources */ = {isa = PBXBuildFile; fileRef = D7A15677250E8A7C00F4B8A3 /* SingleAttributeViewControllerWithStyle.xib */; };
		D7A15685250E8A7C00F4B8A3 /* SingleAttributeViewController.xib in Resources */ = {isa = PBXBuildFile; fileRef = D7A15678250E8A7C00F4B8A3 /* SingleAttributeViewController.xib */; };
		D7A15686250E8A7C00F4B8A3 /* FontsAndColorsPreferencesViewComplete.xib in Resources */ = {isa = PBXBuildFile; fileRef = D7A1567A250E8A7C00F4B8A3 /* FontsAndColorsPreferencesViewComplete.xib */; };
		D7C04C4524FA90B100EC9DD6 /* AxesView.swift in Sources */ = {isa = PBXBuildFile; fileRef = D7C04C4424FA90B100EC9DD6 /* AxesView.swift */; };
		D7C38FC8250563CF0084C2C9 /* CosinusView.swift in Sources */ = {isa = PBXBuildFile; fileRef = D7C38FC7250563CF0084C2C9 /* CosinusView.swift */; };
		D7C38FCA250564650084C2C9 /* TangentView.swift in Sources */ = {isa = PBXBuildFile; fileRef = D7C38FC9250564650084C2C9 /* TangentView.swift */; };
		D7C38FCD2505797D0084C2C9 /* Zoom.pdf in Resources */ = {isa = PBXBuildFile; fileRef = D7C38FCB2505797D0084C2C9 /* Zoom.pdf */; };
		D7C38FCE2505797D0084C2C9 /* Move.pdf in Resources */ = {isa = PBXBuildFile; fileRef = D7C38FCC2505797D0084C2C9 /* Move.pdf */; };
		D7C38FD0250579940084C2C9 /* Arrow.pdf in Resources */ = {isa = PBXBuildFile; fileRef = D7C38FCF250579940084C2C9 /* Arrow.pdf */; };
		D7C38FD325057A250084C2C9 /* Selection.pdf in Resources */ = {isa = PBXBuildFile; fileRef = D7C38FD225057A250084C2C9 /* Selection.pdf */; };
		D7C38FD5250585D00084C2C9 /* PowerOfFourView.swift in Sources */ = {isa = PBXBuildFile; fileRef = D7C38FD4250585D00084C2C9 /* PowerOfFourView.swift */; };
		D7EA41C7250D392B006A220A /* CartesianBezierPath.swift in Sources */ = {isa = PBXBuildFile; fileRef = D7EA41C6250D392B006A220A /* CartesianBezierPath.swift */; };
		D7F5E5AA24FD1FBF003ABD52 /* TicksView.swift in Sources */ = {isa = PBXBuildFile; fileRef = D7F5E5A924FD1FBF003ABD52 /* TicksView.swift */; };
		D7F5E5AC24FD269E003ABD52 /* NumbersView.swift in Sources */ = {isa = PBXBuildFile; fileRef = D7F5E5AB24FD269E003ABD52 /* NumbersView.swift */; };
		DFA4C29CAEB10DFB74F51493 /* Pods_Alfonso_Equation_Editor_Alfonso_Equation_EditorUITests.framework in Frameworks */ = {isa = PBXBuildFile; fileRef = 79F7E657F82329EE21BF9BFB /* Pods_Alfonso_Equation_Editor_Alfonso_Equation_EditorUITests.framework */; };
/* End PBXBuildFile section */

/* Begin PBXContainerItemProxy section */
		D75E7917239AD9F800EC8111 /* PBXContainerItemProxy */ = {
			isa = PBXContainerItemProxy;
			containerPortal = D75E78FB239AD9F700EC8111 /* Project object */;
			proxyType = 1;
			remoteGlobalIDString = D75E7902239AD9F700EC8111;
			remoteInfo = "Alfonso Equation Editor";
		};
		D75E7922239AD9F800EC8111 /* PBXContainerItemProxy */ = {
			isa = PBXContainerItemProxy;
			containerPortal = D75E78FB239AD9F700EC8111 /* Project object */;
			proxyType = 1;
			remoteGlobalIDString = D75E7902239AD9F700EC8111;
			remoteInfo = "Alfonso Equation Editor";
		};
/* End PBXContainerItemProxy section */

/* Begin PBXCopyFilesBuildPhase section */
		D78E739A250533510044682C /* CopyFiles */ = {
			isa = PBXCopyFilesBuildPhase;
			buildActionMask = 2147483647;
			dstPath = Fonts;
			dstSubfolderSpec = 7;
			files = (
				D78E739B2505335C0044682C /* Folio-Std-Bold-Condensed.ttf in CopyFiles */,
				D78E739C2505335C0044682C /* Folio-Std-Bold.ttf in CopyFiles */,
				D78E739D2505335C0044682C /* Folio-Std-Extra-Bold.ttf in CopyFiles */,
				D78E739E2505335C0044682C /* Folio-Std-Light.ttf in CopyFiles */,
				D78E739F2505335C0044682C /* Folio-Std-Medium.ttf in CopyFiles */,
			);
			runOnlyForDeploymentPostprocessing = 0;
		};
/* End PBXCopyFilesBuildPhase section */

/* Begin PBXFileReference section */
		2FF62BE588D8C7D7E1FC1AD5 /* Pods-Alfonso Equation Editor.release.xcconfig */ = {isa = PBXFileReference; includeInIndex = 1; lastKnownFileType = text.xcconfig; name = "Pods-Alfonso Equation Editor.release.xcconfig"; path = "Target Support Files/Pods-Alfonso Equation Editor/Pods-Alfonso Equation Editor.release.xcconfig"; sourceTree = "<group>"; };
		4F01D70B01B45CF0E4114CC9 /* Pods-Alfonso Equation Editor-Alfonso Equation EditorUITests.debug.xcconfig */ = {isa = PBXFileReference; includeInIndex = 1; lastKnownFileType = text.xcconfig; name = "Pods-Alfonso Equation Editor-Alfonso Equation EditorUITests.debug.xcconfig"; path = "Target Support Files/Pods-Alfonso Equation Editor-Alfonso Equation EditorUITests/Pods-Alfonso Equation Editor-Alfonso Equation EditorUITests.debug.xcconfig"; sourceTree = "<group>"; };
		4F4CA010A231D1F78FE1DA36 /* Pods-Alfonso Equation EditorTests.debug.xcconfig */ = {isa = PBXFileReference; includeInIndex = 1; lastKnownFileType = text.xcconfig; name = "Pods-Alfonso Equation EditorTests.debug.xcconfig"; path = "Target Support Files/Pods-Alfonso Equation EditorTests/Pods-Alfonso Equation EditorTests.debug.xcconfig"; sourceTree = "<group>"; };
		79F7E657F82329EE21BF9BFB /* Pods_Alfonso_Equation_Editor_Alfonso_Equation_EditorUITests.framework */ = {isa = PBXFileReference; explicitFileType = wrapper.framework; includeInIndex = 0; path = Pods_Alfonso_Equation_Editor_Alfonso_Equation_EditorUITests.framework; sourceTree = BUILT_PRODUCTS_DIR; };
		9C66317F13004906B686B22A /* Pods_Alfonso_Equation_EditorTests.framework */ = {isa = PBXFileReference; explicitFileType = wrapper.framework; includeInIndex = 0; path = Pods_Alfonso_Equation_EditorTests.framework; sourceTree = BUILT_PRODUCTS_DIR; };
		AE2B5FA16F775FD03A2C1500 /* Pods-Alfonso Equation EditorTests.release.xcconfig */ = {isa = PBXFileReference; includeInIndex = 1; lastKnownFileType = text.xcconfig; name = "Pods-Alfonso Equation EditorTests.release.xcconfig"; path = "Target Support Files/Pods-Alfonso Equation EditorTests/Pods-Alfonso Equation EditorTests.release.xcconfig"; sourceTree = "<group>"; };
		B6D9F978E3EA4E54C7FB36A4 /* Pods_Alfonso_Equation_Editor.framework */ = {isa = PBXFileReference; explicitFileType = wrapper.framework; includeInIndex = 0; path = Pods_Alfonso_Equation_Editor.framework; sourceTree = BUILT_PRODUCTS_DIR; };
		CCF39B7D02B47E679617F61B /* Pods-Alfonso Equation Editor.debug.xcconfig */ = {isa = PBXFileReference; includeInIndex = 1; lastKnownFileType = text.xcconfig; name = "Pods-Alfonso Equation Editor.debug.xcconfig"; path = "Target Support Files/Pods-Alfonso Equation Editor/Pods-Alfonso Equation Editor.debug.xcconfig"; sourceTree = "<group>"; };
		D711B50D250842FA00D1B510 /* CenteringClipView.swift */ = {isa = PBXFileReference; fileEncoding = 4; lastKnownFileType = sourcecode.swift; path = CenteringClipView.swift; sourceTree = "<group>"; };
		D731082B24FD44FD00FA86BD /* Alfonso Equation Editor-Bridging-Header.h */ = {isa = PBXFileReference; lastKnownFileType = sourcecode.c.h; path = "Alfonso Equation Editor-Bridging-Header.h"; sourceTree = "<group>"; };
		D731082C24FD44FE00FA86BD /* SKTZoomingScrollView.m */ = {isa = PBXFileReference; fileEncoding = 4; lastKnownFileType = sourcecode.c.objc; path = SKTZoomingScrollView.m; sourceTree = "<group>"; };
		D731082D24FD44FE00FA86BD /* SKTZoomingScrollView.h */ = {isa = PBXFileReference; fileEncoding = 4; lastKnownFileType = sourcecode.c.h; path = SKTZoomingScrollView.h; sourceTree = "<group>"; };
		D731082F24FD450C00FA86BD /* SKTCenteringClipView.m */ = {isa = PBXFileReference; fileEncoding = 4; lastKnownFileType = sourcecode.c.objc; path = SKTCenteringClipView.m; sourceTree = "<group>"; };
		D731083024FD450C00FA86BD /* SKTCenteringClipView.h */ = {isa = PBXFileReference; fileEncoding = 4; lastKnownFileType = sourcecode.c.h; path = SKTCenteringClipView.h; sourceTree = "<group>"; };
		D731085E24FD756300FA86BD /* DraggableClipView.swift */ = {isa = PBXFileReference; lastKnownFileType = sourcecode.swift; path = DraggableClipView.swift; sourceTree = "<group>"; };
		D75705BC2507A7A600E9D2CE /* Credits.rtf */ = {isa = PBXFileReference; fileEncoding = 4; lastKnownFileType = text.rtf; path = Credits.rtf; sourceTree = "<group>"; };
		D75E7903239AD9F700EC8111 /* Alfonso Equation Editor.app */ = {isa = PBXFileReference; explicitFileType = wrapper.application; includeInIndex = 0; path = "Alfonso Equation Editor.app"; sourceTree = BUILT_PRODUCTS_DIR; };
		D75E7906239AD9F700EC8111 /* AppDelegate.swift */ = {isa = PBXFileReference; lastKnownFileType = sourcecode.swift; path = AppDelegate.swift; sourceTree = "<group>"; };
		D75E7909239AD9F700EC8111 /* Alfonso_Equation_Editor.xcdatamodel */ = {isa = PBXFileReference; lastKnownFileType = wrapper.xcdatamodel; path = Alfonso_Equation_Editor.xcdatamodel; sourceTree = "<group>"; };
		D75E790B239AD9F800EC8111 /* Assets.xcassets */ = {isa = PBXFileReference; lastKnownFileType = folder.assetcatalog; path = Assets.xcassets; sourceTree = "<group>"; };
		D75E790E239AD9F800EC8111 /* Base */ = {isa = PBXFileReference; lastKnownFileType = file.xib; name = Base; path = Base.lproj/MainMenu.xib; sourceTree = "<group>"; };
		D75E7910239AD9F800EC8111 /* Info.plist */ = {isa = PBXFileReference; lastKnownFileType = text.plist.xml; path = Info.plist; sourceTree = "<group>"; };
		D75E7911239AD9F800EC8111 /* Alfonso_Equation_Editor.entitlements */ = {isa = PBXFileReference; lastKnownFileType = text.plist.entitlements; path = Alfonso_Equation_Editor.entitlements; sourceTree = "<group>"; };
		D75E7916239AD9F800EC8111 /* Alfonso Equation EditorTests.xctest */ = {isa = PBXFileReference; explicitFileType = wrapper.cfbundle; includeInIndex = 0; path = "Alfonso Equation EditorTests.xctest"; sourceTree = BUILT_PRODUCTS_DIR; };
		D75E791A239AD9F800EC8111 /* Alfonso_Equation_EditorTests.swift */ = {isa = PBXFileReference; lastKnownFileType = sourcecode.swift; path = Alfonso_Equation_EditorTests.swift; sourceTree = "<group>"; };
		D75E791C239AD9F800EC8111 /* Info.plist */ = {isa = PBXFileReference; lastKnownFileType = text.plist.xml; path = Info.plist; sourceTree = "<group>"; };
		D75E7921239AD9F800EC8111 /* Alfonso Equation EditorUITests.xctest */ = {isa = PBXFileReference; explicitFileType = wrapper.cfbundle; includeInIndex = 0; path = "Alfonso Equation EditorUITests.xctest"; sourceTree = BUILT_PRODUCTS_DIR; };
		D75E7925239AD9F800EC8111 /* Alfonso_Equation_EditorUITests.swift */ = {isa = PBXFileReference; lastKnownFileType = sourcecode.swift; path = Alfonso_Equation_EditorUITests.swift; sourceTree = "<group>"; };
		D75E7927239AD9F800EC8111 /* Info.plist */ = {isa = PBXFileReference; lastKnownFileType = text.plist.xml; path = Info.plist; sourceTree = "<group>"; };
		D75E7933239ADA1400EC8111 /* CartesianBackgroundView.swift */ = {isa = PBXFileReference; lastKnownFileType = sourcecode.swift; path = CartesianBackgroundView.swift; sourceTree = "<group>"; };
		D75E7937239B12D100EC8111 /* Sinus.swift */ = {isa = PBXFileReference; fileEncoding = 4; lastKnownFileType = sourcecode.swift; path = Sinus.swift; sourceTree = "<group>"; };
		D75E7939239B187600EC8111 /* ParabolaView.swift */ = {isa = PBXFileReference; lastKnownFileType = sourcecode.swift; path = ParabolaView.swift; sourceTree = "<group>"; };
		D76639A02503506F0044AFA1 /* AbstractEquationView.swift */ = {isa = PBXFileReference; fileEncoding = 4; lastKnownFileType = sourcecode.swift; path = AbstractEquationView.swift; sourceTree = "<group>"; };
		D76639A22503631D0044AFA1 /* GridView.swift */ = {isa = PBXFileReference; fileEncoding = 4; lastKnownFileType = sourcecode.swift; path = GridView.swift; sourceTree = "<group>"; };
		D77DB40F250A8D30002B50EF /* OrangeCenterView.swift */ = {isa = PBXFileReference; fileEncoding = 4; lastKnownFileType = sourcecode.swift; path = OrangeCenterView.swift; sourceTree = "<group>"; };
		D77DB411250AA1D5002B50EF /* PowerOfThreeView.swift */ = {isa = PBXFileReference; fileEncoding = 4; lastKnownFileType = sourcecode.swift; path = PowerOfThreeView.swift; sourceTree = "<group>"; };
		D77DB413250AA30A002B50EF /* RettaView.swift */ = {isa = PBXFileReference; fileEncoding = 4; lastKnownFileType = sourcecode.swift; path = RettaView.swift; sourceTree = "<group>"; };
		D77DB415250AA366002B50EF /* AbsoluteValueView.swift */ = {isa = PBXFileReference; fileEncoding = 4; lastKnownFileType = sourcecode.swift; path = AbsoluteValueView.swift; sourceTree = "<group>"; };
		D78E7390250531E50044682C /* Folio-Std-Bold-Condensed.ttf */ = {isa = PBXFileReference; lastKnownFileType = file; path = "Folio-Std-Bold-Condensed.ttf"; sourceTree = "<group>"; };
		D78E7391250531E50044682C /* Folio-Std-Light.ttf */ = {isa = PBXFileReference; lastKnownFileType = file; path = "Folio-Std-Light.ttf"; sourceTree = "<group>"; };
		D78E7392250531E50044682C /* Folio-Std-Extra-Bold.ttf */ = {isa = PBXFileReference; lastKnownFileType = file; path = "Folio-Std-Extra-Bold.ttf"; sourceTree = "<group>"; };
		D78E7393250531E50044682C /* Folio-Std-Medium.ttf */ = {isa = PBXFileReference; lastKnownFileType = file; path = "Folio-Std-Medium.ttf"; sourceTree = "<group>"; };
		D78E7394250531E50044682C /* Folio-Std-Bold.ttf */ = {isa = PBXFileReference; lastKnownFileType = file; path = "Folio-Std-Bold.ttf"; sourceTree = "<group>"; };
		D7A1565A250E5ECC00F4B8A3 /* CrossView.swift */ = {isa = PBXFileReference; fileEncoding = 4; lastKnownFileType = sourcecode.swift; path = CrossView.swift; sourceTree = "<group>"; };
		D7A1565F250E8A7100F4B8A3 /* MASPreferencesViewController.h */ = {isa = PBXFileReference; fileEncoding = 4; lastKnownFileType = sourcecode.c.h; path = MASPreferencesViewController.h; sourceTree = "<group>"; };
		D7A15660250E8A7100F4B8A3 /* MASPreferencesWindow.xib */ = {isa = PBXFileReference; fileEncoding = 4; lastKnownFileType = file.xib; path = MASPreferencesWindow.xib; sourceTree = "<group>"; };
		D7A15661250E8A7100F4B8A3 /* MASPreferencesWindowController.h */ = {isa = PBXFileReference; fileEncoding = 4; lastKnownFileType = sourcecode.c.h; path = MASPreferencesWindowController.h; sourceTree = "<group>"; };
		D7A15662250E8A7100F4B8A3 /* MASPreferences.h */ = {isa = PBXFileReference; fileEncoding = 4; lastKnownFileType = sourcecode.c.h; path = MASPreferences.h; sourceTree = "<group>"; };
		D7A15663250E8A7100F4B8A3 /* MASPreferencesWindowController.m */ = {isa = PBXFileReference; fileEncoding = 4; lastKnownFileType = sourcecode.c.objc; path = MASPreferencesWindowController.m; sourceTree = "<group>"; };
		D7A15668250E8A7C00F4B8A3 /* SearchFieldEnabledValueTransformer.m */ = {isa = PBXFileReference; fileEncoding = 4; lastKnownFileType = sourcecode.c.objc; path = SearchFieldEnabledValueTransformer.m; sourceTree = "<group>"; };
		D7A15669250E8A7C00F4B8A3 /* SearchFieldEnabledValueTransformer.h */ = {isa = PBXFileReference; fileEncoding = 4; lastKnownFileType = sourcecode.c.h; path = SearchFieldEnabledValueTransformer.h; sourceTree = "<group>"; };
		D7A1566F250E8A7C00F4B8A3 /* GeneralPreferencesView.xib */ = {isa = PBXFileReference; fileEncoding = 4; lastKnownFileType = file.xib; path = GeneralPreferencesView.xib; sourceTree = "<group>"; };
		D7A15670250E8A7C00F4B8A3 /* GeneralPreferencesViewController.h */ = {isa = PBXFileReference; fileEncoding = 4; lastKnownFileType = sourcecode.c.h; path = GeneralPreferencesViewController.h; sourceTree = "<group>"; };
		D7A15671250E8A7C00F4B8A3 /* GeneralPreferencesViewController.m */ = {isa = PBXFileReference; fileEncoding = 4; lastKnownFileType = sourcecode.c.objc; path = GeneralPreferencesViewController.m; sourceTree = "<group>"; };
		D7A15673250E8A7C00F4B8A3 /* FontAndColorsPreferencesViewController.m */ = {isa = PBXFileReference; fileEncoding = 4; lastKnownFileType = sourcecode.c.objc; path = FontAndColorsPreferencesViewController.m; sourceTree = "<group>"; };
		D7A15674250E8A7C00F4B8A3 /* FontsAndColorsPreferencesView.xib */ = {isa = PBXFileReference; fileEncoding = 4; lastKnownFileType = file.xib; path = FontsAndColorsPreferencesView.xib; sourceTree = "<group>"; };
		D7A15676250E8A7C00F4B8A3 /* SingleAttributeViewController.m */ = {isa = PBXFileReference; fileEncoding = 4; lastKnownFileType = sourcecode.c.objc; path = SingleAttributeViewController.m; sourceTree = "<group>"; };
		D7A15677250E8A7C00F4B8A3 /* SingleAttributeViewControllerWithStyle.xib */ = {isa = PBXFileReference; fileEncoding = 4; lastKnownFileType = file.xib; path = SingleAttributeViewControllerWithStyle.xib; sourceTree = "<group>"; };
		D7A15678250E8A7C00F4B8A3 /* SingleAttributeViewController.xib */ = {isa = PBXFileReference; fileEncoding = 4; lastKnownFileType = file.xib; path = SingleAttributeViewController.xib; sourceTree = "<group>"; };
		D7A15679250E8A7C00F4B8A3 /* SingleAttributeViewController.h */ = {isa = PBXFileReference; fileEncoding = 4; lastKnownFileType = sourcecode.c.h; path = SingleAttributeViewController.h; sourceTree = "<group>"; };
		D7A1567A250E8A7C00F4B8A3 /* FontsAndColorsPreferencesViewComplete.xib */ = {isa = PBXFileReference; fileEncoding = 4; lastKnownFileType = file.xib; path = FontsAndColorsPreferencesViewComplete.xib; sourceTree = "<group>"; };
		D7A1567B250E8A7C00F4B8A3 /* FontAndColorsPreferencesViewController.h */ = {isa = PBXFileReference; fileEncoding = 4; lastKnownFileType = sourcecode.c.h; path = FontAndColorsPreferencesViewController.h; sourceTree = "<group>"; };
		D7C04C4424FA90B100EC9DD6 /* AxesView.swift */ = {isa = PBXFileReference; fileEncoding = 4; lastKnownFileType = sourcecode.swift; path = AxesView.swift; sourceTree = "<group>"; };
		D7C38FC7250563CF0084C2C9 /* CosinusView.swift */ = {isa = PBXFileReference; fileEncoding = 4; lastKnownFileType = sourcecode.swift; path = CosinusView.swift; sourceTree = "<group>"; };
		D7C38FC9250564650084C2C9 /* TangentView.swift */ = {isa = PBXFileReference; fileEncoding = 4; lastKnownFileType = sourcecode.swift; path = TangentView.swift; sourceTree = "<group>"; };
		D7C38FCB2505797D0084C2C9 /* Zoom.pdf */ = {isa = PBXFileReference; lastKnownFileType = image.pdf; path = Zoom.pdf; sourceTree = "<group>"; };
		D7C38FCC2505797D0084C2C9 /* Move.pdf */ = {isa = PBXFileReference; lastKnownFileType = image.pdf; path = Move.pdf; sourceTree = "<group>"; };
		D7C38FCF250579940084C2C9 /* Arrow.pdf */ = {isa = PBXFileReference; lastKnownFileType = image.pdf; path = Arrow.pdf; sourceTree = "<group>"; };
		D7C38FD225057A250084C2C9 /* Selection.pdf */ = {isa = PBXFileReference; lastKnownFileType = image.pdf; path = Selection.pdf; sourceTree = "<group>"; };
		D7C38FD4250585D00084C2C9 /* PowerOfFourView.swift */ = {isa = PBXFileReference; fileEncoding = 4; lastKnownFileType = sourcecode.swift; path = PowerOfFourView.swift; sourceTree = "<group>"; };
		D7EA41C6250D392B006A220A /* CartesianBezierPath.swift */ = {isa = PBXFileReference; fileEncoding = 4; lastKnownFileType = sourcecode.swift; path = CartesianBezierPath.swift; sourceTree = "<group>"; };
		D7F5E5A924FD1FBF003ABD52 /* TicksView.swift */ = {isa = PBXFileReference; fileEncoding = 4; lastKnownFileType = sourcecode.swift; path = TicksView.swift; sourceTree = "<group>"; };
		D7F5E5AB24FD269E003ABD52 /* NumbersView.swift */ = {isa = PBXFileReference; fileEncoding = 4; lastKnownFileType = sourcecode.swift; path = NumbersView.swift; sourceTree = "<group>"; };
		DA2DC54DCF33F70F7DB5DFEB /* Pods-Alfonso Equation Editor-Alfonso Equation EditorUITests.release.xcconfig */ = {isa = PBXFileReference; includeInIndex = 1; lastKnownFileType = text.xcconfig; name = "Pods-Alfonso Equation Editor-Alfonso Equation EditorUITests.release.xcconfig"; path = "Target Support Files/Pods-Alfonso Equation Editor-Alfonso Equation EditorUITests/Pods-Alfonso Equation Editor-Alfonso Equation EditorUITests.release.xcconfig"; sourceTree = "<group>"; };
/* End PBXFileReference section */

/* Begin PBXFrameworksBuildPhase section */
		D75E7900239AD9F700EC8111 /* Frameworks */ = {
			isa = PBXFrameworksBuildPhase;
			buildActionMask = 2147483647;
			files = (
				2F7BF2EC9D6BB21C53CBC7F9 /* Pods_Alfonso_Equation_Editor.framework in Frameworks */,
			);
			runOnlyForDeploymentPostprocessing = 0;
		};
		D75E7913239AD9F800EC8111 /* Frameworks */ = {
			isa = PBXFrameworksBuildPhase;
			buildActionMask = 2147483647;
			files = (
				5733154547F1971A8425DD74 /* Pods_Alfonso_Equation_EditorTests.framework in Frameworks */,
			);
			runOnlyForDeploymentPostprocessing = 0;
		};
		D75E791E239AD9F800EC8111 /* Frameworks */ = {
			isa = PBXFrameworksBuildPhase;
			buildActionMask = 2147483647;
			files = (
				DFA4C29CAEB10DFB74F51493 /* Pods_Alfonso_Equation_Editor_Alfonso_Equation_EditorUITests.framework in Frameworks */,
			);
			runOnlyForDeploymentPostprocessing = 0;
		};
/* End PBXFrameworksBuildPhase section */

/* Begin PBXGroup section */
		9C9E1325FCC5928D9EC686ED /* Frameworks */ = {
			isa = PBXGroup;
			children = (
				B6D9F978E3EA4E54C7FB36A4 /* Pods_Alfonso_Equation_Editor.framework */,
				79F7E657F82329EE21BF9BFB /* Pods_Alfonso_Equation_Editor_Alfonso_Equation_EditorUITests.framework */,
				9C66317F13004906B686B22A /* Pods_Alfonso_Equation_EditorTests.framework */,
			);
			name = Frameworks;
			sourceTree = "<group>";
		};
		CD6C93DBD8033C9700663AD7 /* Pods */ = {
			isa = PBXGroup;
			children = (
				CCF39B7D02B47E679617F61B /* Pods-Alfonso Equation Editor.debug.xcconfig */,
				2FF62BE588D8C7D7E1FC1AD5 /* Pods-Alfonso Equation Editor.release.xcconfig */,
				4F01D70B01B45CF0E4114CC9 /* Pods-Alfonso Equation Editor-Alfonso Equation EditorUITests.debug.xcconfig */,
				DA2DC54DCF33F70F7DB5DFEB /* Pods-Alfonso Equation Editor-Alfonso Equation EditorUITests.release.xcconfig */,
				4F4CA010A231D1F78FE1DA36 /* Pods-Alfonso Equation EditorTests.debug.xcconfig */,
				AE2B5FA16F775FD03A2C1500 /* Pods-Alfonso Equation EditorTests.release.xcconfig */,
			);
			path = Pods;
			sourceTree = "<group>";
		};
		D75E78FA239AD9F700EC8111 = {
			isa = PBXGroup;
			children = (
				D75E7905239AD9F700EC8111 /* Alfonso Equation Editor */,
				D75E7919239AD9F800EC8111 /* Alfonso Equation EditorTests */,
				D75E7924239AD9F800EC8111 /* Alfonso Equation EditorUITests */,
				D75E7904239AD9F700EC8111 /* Products */,
				CD6C93DBD8033C9700663AD7 /* Pods */,
				9C9E1325FCC5928D9EC686ED /* Frameworks */,
			);
			sourceTree = "<group>";
		};
		D75E7904239AD9F700EC8111 /* Products */ = {
			isa = PBXGroup;
			children = (
				D75E7903239AD9F700EC8111 /* Alfonso Equation Editor.app */,
				D75E7916239AD9F800EC8111 /* Alfonso Equation EditorTests.xctest */,
				D75E7921239AD9F800EC8111 /* Alfonso Equation EditorUITests.xctest */,
			);
			name = Products;
			sourceTree = "<group>";
		};
		D75E7905239AD9F700EC8111 /* Alfonso Equation Editor */ = {
			isa = PBXGroup;
			children = (
				D75E7906239AD9F700EC8111 /* AppDelegate.swift */,
				D76639A02503506F0044AFA1 /* AbstractEquationView.swift */,
				D7EA41C6250D392B006A220A /* CartesianBezierPath.swift */,
				D75E7933239ADA1400EC8111 /* CartesianBackgroundView.swift */,
				D7C04C4424FA90B100EC9DD6 /* AxesView.swift */,
				D76639A22503631D0044AFA1 /* GridView.swift */,
				D7F5E5A924FD1FBF003ABD52 /* TicksView.swift */,
				D7F5E5AB24FD269E003ABD52 /* NumbersView.swift */,
				D75705BC2507A7A600E9D2CE /* Credits.rtf */,
				D7A1565C250E8A3F00F4B8A3 /* Preferences */,
				D78E738F250531D70044682C /* Fonts */,
				D75E7939239B187600EC8111 /* ParabolaView.swift */,
				D77DB411250AA1D5002B50EF /* PowerOfThreeView.swift */,
				D77DB413250AA30A002B50EF /* RettaView.swift */,
				D77DB415250AA366002B50EF /* AbsoluteValueView.swift */,
				D7A1565A250E5ECC00F4B8A3 /* CrossView.swift */,
				D7C38FC7250563CF0084C2C9 /* CosinusView.swift */,
				D7C38FD4250585D00084C2C9 /* PowerOfFourView.swift */,
				D7C38FC9250564650084C2C9 /* TangentView.swift */,
				D75E7937239B12D100EC8111 /* Sinus.swift */,
				D77DB40F250A8D30002B50EF /* OrangeCenterView.swift */,
				D711B50D250842FA00D1B510 /* CenteringClipView.swift */,
				D731082D24FD44FE00FA86BD /* SKTZoomingScrollView.h */,
				D731082C24FD44FE00FA86BD /* SKTZoomingScrollView.m */,
				D731083024FD450C00FA86BD /* SKTCenteringClipView.h */,
				D731082F24FD450C00FA86BD /* SKTCenteringClipView.m */,
				D731085E24FD756300FA86BD /* DraggableClipView.swift */,
				D7C38FD1250579990084C2C9 /* Images From Grapher */,
				D75E790B239AD9F800EC8111 /* Assets.xcassets */,
				D75E790D239AD9F800EC8111 /* MainMenu.xib */,
				D75E7910239AD9F800EC8111 /* Info.plist */,
				D75E7911239AD9F800EC8111 /* Alfonso_Equation_Editor.entitlements */,
				D75E7908239AD9F700EC8111 /* Alfonso_Equation_Editor.xcdatamodeld */,
				D731082B24FD44FD00FA86BD /* Alfonso Equation Editor-Bridging-Header.h */,
			);
			path = "Alfonso Equation Editor";
			sourceTree = "<group>";
		};
		D75E7919239AD9F800EC8111 /* Alfonso Equation EditorTests */ = {
			isa = PBXGroup;
			children = (
				D75E791A239AD9F800EC8111 /* Alfonso_Equation_EditorTests.swift */,
				D75E791C239AD9F800EC8111 /* Info.plist */,
			);
			path = "Alfonso Equation EditorTests";
			sourceTree = "<group>";
		};
		D75E7924239AD9F800EC8111 /* Alfonso Equation EditorUITests */ = {
			isa = PBXGroup;
			children = (
				D75E7925239AD9F800EC8111 /* Alfonso_Equation_EditorUITests.swift */,
				D75E7927239AD9F800EC8111 /* Info.plist */,
			);
			path = "Alfonso Equation EditorUITests";
			sourceTree = "<group>";
		};
		D78E738F250531D70044682C /* Fonts */ = {
			isa = PBXGroup;
			children = (
				D78E7390250531E50044682C /* Folio-Std-Bold-Condensed.ttf */,
				D78E7394250531E50044682C /* Folio-Std-Bold.ttf */,
				D78E7392250531E50044682C /* Folio-Std-Extra-Bold.ttf */,
				D78E7391250531E50044682C /* Folio-Std-Light.ttf */,
				D78E7393250531E50044682C /* Folio-Std-Medium.ttf */,
			);
			path = Fonts;
			sourceTree = "<group>";
		};
		D7A1565C250E8A3F00F4B8A3 /* Preferences */ = {
			isa = PBXGroup;
			children = (
				D7A1565E250E8A7100F4B8A3 /* MASPreferences */,
				D7A15666250E8A7C00F4B8A3 /* Preference Panes */,
			);
			path = Preferences;
			sourceTree = "<group>";
		};
		D7A1565E250E8A7100F4B8A3 /* MASPreferences */ = {
			isa = PBXGroup;
			children = (
				D7A1565F250E8A7100F4B8A3 /* MASPreferencesViewController.h */,
				D7A15660250E8A7100F4B8A3 /* MASPreferencesWindow.xib */,
				D7A15661250E8A7100F4B8A3 /* MASPreferencesWindowController.h */,
				D7A15662250E8A7100F4B8A3 /* MASPreferences.h */,
				D7A15663250E8A7100F4B8A3 /* MASPreferencesWindowController.m */,
			);
			path = MASPreferences;
			sourceTree = "<group>";
		};
		D7A15666250E8A7C00F4B8A3 /* Preference Panes */ = {
			isa = PBXGroup;
			children = (
				D7A15667250E8A7C00F4B8A3 /* SearchFieldEnabledValueTransformer */,
				D7A1566E250E8A7C00F4B8A3 /* GeneralPreferencesViewController */,
				D7A15672250E8A7C00F4B8A3 /* FontAndColorsPreferencesViewController */,
			);
			path = "Preference Panes";
			sourceTree = "<group>";
		};
		D7A15667250E8A7C00F4B8A3 /* SearchFieldEnabledValueTransformer */ = {
			isa = PBXGroup;
			children = (
				D7A15668250E8A7C00F4B8A3 /* SearchFieldEnabledValueTransformer.m */,
				D7A15669250E8A7C00F4B8A3 /* SearchFieldEnabledValueTransformer.h */,
			);
			path = SearchFieldEnabledValueTransformer;
			sourceTree = "<group>";
		};
		D7A1566E250E8A7C00F4B8A3 /* GeneralPreferencesViewController */ = {
			isa = PBXGroup;
			children = (
				D7A1566F250E8A7C00F4B8A3 /* GeneralPreferencesView.xib */,
				D7A15670250E8A7C00F4B8A3 /* GeneralPreferencesViewController.h */,
				D7A15671250E8A7C00F4B8A3 /* GeneralPreferencesViewController.m */,
			);
			path = GeneralPreferencesViewController;
			sourceTree = "<group>";
		};
		D7A15672250E8A7C00F4B8A3 /* FontAndColorsPreferencesViewController */ = {
			isa = PBXGroup;
			children = (
				D7A1567B250E8A7C00F4B8A3 /* FontAndColorsPreferencesViewController.h */,
				D7A15673250E8A7C00F4B8A3 /* FontAndColorsPreferencesViewController.m */,
				D7A15674250E8A7C00F4B8A3 /* FontsAndColorsPreferencesView.xib */,
				D7A15675250E8A7C00F4B8A3 /* SingleAttributeViewController */,
				D7A1567A250E8A7C00F4B8A3 /* FontsAndColorsPreferencesViewComplete.xib */,
			);
			path = FontAndColorsPreferencesViewController;
			sourceTree = "<group>";
		};
		D7A15675250E8A7C00F4B8A3 /* SingleAttributeViewController */ = {
			isa = PBXGroup;
			children = (
				D7A15676250E8A7C00F4B8A3 /* SingleAttributeViewController.m */,
				D7A15677250E8A7C00F4B8A3 /* SingleAttributeViewControllerWithStyle.xib */,
				D7A15678250E8A7C00F4B8A3 /* SingleAttributeViewController.xib */,
				D7A15679250E8A7C00F4B8A3 /* SingleAttributeViewController.h */,
			);
			path = SingleAttributeViewController;
			sourceTree = "<group>";
		};
		D7C38FD1250579990084C2C9 /* Images From Grapher */ = {
			isa = PBXGroup;
			children = (
				D7C38FCC2505797D0084C2C9 /* Move.pdf */,
				D7C38FCB2505797D0084C2C9 /* Zoom.pdf */,
				D7C38FCF250579940084C2C9 /* Arrow.pdf */,
				D7C38FD225057A250084C2C9 /* Selection.pdf */,
			);
			path = "Images From Grapher";
			sourceTree = "<group>";
		};
/* End PBXGroup section */

/* Begin PBXNativeTarget section */
		D75E7902239AD9F700EC8111 /* Alfonso Equation Editor */ = {
			isa = PBXNativeTarget;
			buildConfigurationList = D75E792A239AD9F800EC8111 /* Build configuration list for PBXNativeTarget "Alfonso Equation Editor" */;
			buildPhases = (
				8060B5F922B7E11A0B9FA98A /* [CP] Check Pods Manifest.lock */,
				D75E78FF239AD9F700EC8111 /* Sources */,
				D75E7900239AD9F700EC8111 /* Frameworks */,
				D75E7901239AD9F700EC8111 /* Resources */,
				6513C3AB9389D94F352D5290 /* [CP] Embed Pods Frameworks */,
				D78E739A250533510044682C /* CopyFiles */,
			);
			buildRules = (
			);
			dependencies = (
			);
			name = "Alfonso Equation Editor";
			productName = "Alfonso Equation Editor";
			productReference = D75E7903239AD9F700EC8111 /* Alfonso Equation Editor.app */;
			productType = "com.apple.product-type.application";
		};
		D75E7915239AD9F800EC8111 /* Alfonso Equation EditorTests */ = {
			isa = PBXNativeTarget;
			buildConfigurationList = D75E792D239AD9F800EC8111 /* Build configuration list for PBXNativeTarget "Alfonso Equation EditorTests" */;
			buildPhases = (
				C804E820B1A0959CCF82C782 /* [CP] Check Pods Manifest.lock */,
				D75E7912239AD9F800EC8111 /* Sources */,
				D75E7913239AD9F800EC8111 /* Frameworks */,
				D75E7914239AD9F800EC8111 /* Resources */,
			);
			buildRules = (
			);
			dependencies = (
				D75E7918239AD9F800EC8111 /* PBXTargetDependency */,
			);
			name = "Alfonso Equation EditorTests";
			productName = "Alfonso Equation EditorTests";
			productReference = D75E7916239AD9F800EC8111 /* Alfonso Equation EditorTests.xctest */;
			productType = "com.apple.product-type.bundle.unit-test";
		};
		D75E7920239AD9F800EC8111 /* Alfonso Equation EditorUITests */ = {
			isa = PBXNativeTarget;
			buildConfigurationList = D75E7930239AD9F800EC8111 /* Build configuration list for PBXNativeTarget "Alfonso Equation EditorUITests" */;
			buildPhases = (
				00FAD68D0CDE220193082465 /* [CP] Check Pods Manifest.lock */,
				D75E791D239AD9F800EC8111 /* Sources */,
				D75E791E239AD9F800EC8111 /* Frameworks */,
				D75E791F239AD9F800EC8111 /* Resources */,
				8103829B222EE78DA038A451 /* [CP] Embed Pods Frameworks */,
			);
			buildRules = (
			);
			dependencies = (
				D75E7923239AD9F800EC8111 /* PBXTargetDependency */,
			);
			name = "Alfonso Equation EditorUITests";
			productName = "Alfonso Equation EditorUITests";
			productReference = D75E7921239AD9F800EC8111 /* Alfonso Equation EditorUITests.xctest */;
			productType = "com.apple.product-type.bundle.ui-testing";
		};
/* End PBXNativeTarget section */

/* Begin PBXProject section */
		D75E78FB239AD9F700EC8111 /* Project object */ = {
			isa = PBXProject;
			attributes = {
				LastSwiftUpdateCheck = 1120;
				LastUpgradeCheck = 1120;
				ORGANIZATIONNAME = "Alfonso Maria Tesauro";
				TargetAttributes = {
					D75E7902239AD9F700EC8111 = {
						CreatedOnToolsVersion = 11.2.1;
						LastSwiftMigration = 1160;
					};
					D75E7915239AD9F800EC8111 = {
						CreatedOnToolsVersion = 11.2.1;
						TestTargetID = D75E7902239AD9F700EC8111;
					};
					D75E7920239AD9F800EC8111 = {
						CreatedOnToolsVersion = 11.2.1;
						TestTargetID = D75E7902239AD9F700EC8111;
					};
				};
			};
			buildConfigurationList = D75E78FE239AD9F700EC8111 /* Build configuration list for PBXProject "Alfonso Equation Editor" */;
			compatibilityVersion = "Xcode 9.3";
			developmentRegion = en;
			hasScannedForEncodings = 0;
			knownRegions = (
				en,
				Base,
			);
			mainGroup = D75E78FA239AD9F700EC8111;
			productRefGroup = D75E7904239AD9F700EC8111 /* Products */;
			projectDirPath = "";
			projectRoot = "";
			targets = (
				D75E7902239AD9F700EC8111 /* Alfonso Equation Editor */,
				D75E7915239AD9F800EC8111 /* Alfonso Equation EditorTests */,
				D75E7920239AD9F800EC8111 /* Alfonso Equation EditorUITests */,
			);
		};
/* End PBXProject section */

/* Begin PBXResourcesBuildPhase section */
		D75E7901239AD9F700EC8111 /* Resources */ = {
			isa = PBXResourcesBuildPhase;
			buildActionMask = 2147483647;
			files = (
				D75E790C239AD9F800EC8111 /* Assets.xcassets in Resources */,
				D7A15684250E8A7C00F4B8A3 /* SingleAttributeViewControllerWithStyle.xib in Resources */,
				D78E7397250531E50044682C /* Folio-Std-Extra-Bold.ttf in Resources */,
				D7C38FD0250579940084C2C9 /* Arrow.pdf in Resources */,
				D78E7396250531E50044682C /* Folio-Std-Light.ttf in Resources */,
				D7A15686250E8A7C00F4B8A3 /* FontsAndColorsPreferencesViewComplete.xib in Resources */,
				D75E790F239AD9F800EC8111 /* MainMenu.xib in Resources */,
				D78E7399250531E50044682C /* Folio-Std-Bold.ttf in Resources */,
				D7C38FCD2505797D0084C2C9 /* Zoom.pdf in Resources */,
				D7A1567F250E8A7C00F4B8A3 /* GeneralPreferencesView.xib in Resources */,
				D7A15685250E8A7C00F4B8A3 /* SingleAttributeViewController.xib in Resources */,
				D7A15664250E8A7100F4B8A3 /* MASPreferencesWindow.xib in Resources */,
				D7A15682250E8A7C00F4B8A3 /* FontsAndColorsPreferencesView.xib in Resources */,
				D75705BD2507A7A600E9D2CE /* Credits.rtf in Resources */,
				D7C38FCE2505797D0084C2C9 /* Move.pdf in Resources */,
				D78E7395250531E50044682C /* Folio-Std-Bold-Condensed.ttf in Resources */,
				D78E7398250531E50044682C /* Folio-Std-Medium.ttf in Resources */,
				D7C38FD325057A250084C2C9 /* Selection.pdf in Resources */,
			);
			runOnlyForDeploymentPostprocessing = 0;
		};
		D75E7914239AD9F800EC8111 /* Resources */ = {
			isa = PBXResourcesBuildPhase;
			buildActionMask = 2147483647;
			files = (
			);
			runOnlyForDeploymentPostprocessing = 0;
		};
		D75E791F239AD9F800EC8111 /* Resources */ = {
			isa = PBXResourcesBuildPhase;
			buildActionMask = 2147483647;
			files = (
			);
			runOnlyForDeploymentPostprocessing = 0;
		};
/* End PBXResourcesBuildPhase section */

/* Begin PBXShellScriptBuildPhase section */
		00FAD68D0CDE220193082465 /* [CP] Check Pods Manifest.lock */ = {
			isa = PBXShellScriptBuildPhase;
			buildActionMask = 2147483647;
			files = (
			);
			inputFileListPaths = (
			);
			inputPaths = (
				"${PODS_PODFILE_DIR_PATH}/Podfile.lock",
				"${PODS_ROOT}/Manifest.lock",
			);
			name = "[CP] Check Pods Manifest.lock";
			outputFileListPaths = (
			);
			outputPaths = (
				"$(DERIVED_FILE_DIR)/Pods-Alfonso Equation Editor-Alfonso Equation EditorUITests-checkManifestLockResult.txt",
			);
			runOnlyForDeploymentPostprocessing = 0;
			shellPath = /bin/sh;
			shellScript = "diff \"${PODS_PODFILE_DIR_PATH}/Podfile.lock\" \"${PODS_ROOT}/Manifest.lock\" > /dev/null\nif [ $? != 0 ] ; then\n    # print error to STDERR\n    echo \"error: The sandbox is not in sync with the Podfile.lock. Run 'pod install' or update your CocoaPods installation.\" >&2\n    exit 1\nfi\n# This output is used by Xcode 'outputs' to avoid re-running this script phase.\necho \"SUCCESS\" > \"${SCRIPT_OUTPUT_FILE_0}\"\n";
			showEnvVarsInLog = 0;
		};
		6513C3AB9389D94F352D5290 /* [CP] Embed Pods Frameworks */ = {
			isa = PBXShellScriptBuildPhase;
			buildActionMask = 2147483647;
			files = (
			);
			inputFileListPaths = (
				"${PODS_ROOT}/Target Support Files/Pods-Alfonso Equation Editor/Pods-Alfonso Equation Editor-frameworks-${CONFIGURATION}-input-files.xcfilelist",
			);
			name = "[CP] Embed Pods Frameworks";
			outputFileListPaths = (
				"${PODS_ROOT}/Target Support Files/Pods-Alfonso Equation Editor/Pods-Alfonso Equation Editor-frameworks-${CONFIGURATION}-output-files.xcfilelist",
			);
			runOnlyForDeploymentPostprocessing = 0;
			shellPath = /bin/sh;
			shellScript = "\"${PODS_ROOT}/Target Support Files/Pods-Alfonso Equation Editor/Pods-Alfonso Equation Editor-frameworks.sh\"\n";
			showEnvVarsInLog = 0;
		};
		8060B5F922B7E11A0B9FA98A /* [CP] Check Pods Manifest.lock */ = {
			isa = PBXShellScriptBuildPhase;
			buildActionMask = 2147483647;
			files = (
			);
			inputFileListPaths = (
			);
			inputPaths = (
				"${PODS_PODFILE_DIR_PATH}/Podfile.lock",
				"${PODS_ROOT}/Manifest.lock",
			);
			name = "[CP] Check Pods Manifest.lock";
			outputFileListPaths = (
			);
			outputPaths = (
				"$(DERIVED_FILE_DIR)/Pods-Alfonso Equation Editor-checkManifestLockResult.txt",
			);
			runOnlyForDeploymentPostprocessing = 0;
			shellPath = /bin/sh;
			shellScript = "diff \"${PODS_PODFILE_DIR_PATH}/Podfile.lock\" \"${PODS_ROOT}/Manifest.lock\" > /dev/null\nif [ $? != 0 ] ; then\n    # print error to STDERR\n    echo \"error: The sandbox is not in sync with the Podfile.lock. Run 'pod install' or update your CocoaPods installation.\" >&2\n    exit 1\nfi\n# This output is used by Xcode 'outputs' to avoid re-running this script phase.\necho \"SUCCESS\" > \"${SCRIPT_OUTPUT_FILE_0}\"\n";
			showEnvVarsInLog = 0;
		};
		8103829B222EE78DA038A451 /* [CP] Embed Pods Frameworks */ = {
			isa = PBXShellScriptBuildPhase;
			buildActionMask = 2147483647;
			files = (
			);
			inputFileListPaths = (
				"${PODS_ROOT}/Target Support Files/Pods-Alfonso Equation Editor-Alfonso Equation EditorUITests/Pods-Alfonso Equation Editor-Alfonso Equation EditorUITests-frameworks-${CONFIGURATION}-input-files.xcfilelist",
			);
			name = "[CP] Embed Pods Frameworks";
			outputFileListPaths = (
				"${PODS_ROOT}/Target Support Files/Pods-Alfonso Equation Editor-Alfonso Equation EditorUITests/Pods-Alfonso Equation Editor-Alfonso Equation EditorUITests-frameworks-${CONFIGURATION}-output-files.xcfilelist",
			);
			runOnlyForDeploymentPostprocessing = 0;
			shellPath = /bin/sh;
			shellScript = "\"${PODS_ROOT}/Target Support Files/Pods-Alfonso Equation Editor-Alfonso Equation EditorUITests/Pods-Alfonso Equation Editor-Alfonso Equation EditorUITests-frameworks.sh\"\n";
			showEnvVarsInLog = 0;
		};
		C804E820B1A0959CCF82C782 /* [CP] Check Pods Manifest.lock */ = {
			isa = PBXShellScriptBuildPhase;
			buildActionMask = 2147483647;
			files = (
			);
			inputFileListPaths = (
			);
			inputPaths = (
				"${PODS_PODFILE_DIR_PATH}/Podfile.lock",
				"${PODS_ROOT}/Manifest.lock",
			);
			name = "[CP] Check Pods Manifest.lock";
			outputFileListPaths = (
			);
			outputPaths = (
				"$(DERIVED_FILE_DIR)/Pods-Alfonso Equation EditorTests-checkManifestLockResult.txt",
			);
			runOnlyForDeploymentPostprocessing = 0;
			shellPath = /bin/sh;
			shellScript = "diff \"${PODS_PODFILE_DIR_PATH}/Podfile.lock\" \"${PODS_ROOT}/Manifest.lock\" > /dev/null\nif [ $? != 0 ] ; then\n    # print error to STDERR\n    echo \"error: The sandbox is not in sync with the Podfile.lock. Run 'pod install' or update your CocoaPods installation.\" >&2\n    exit 1\nfi\n# This output is used by Xcode 'outputs' to avoid re-running this script phase.\necho \"SUCCESS\" > \"${SCRIPT_OUTPUT_FILE_0}\"\n";
			showEnvVarsInLog = 0;
		};
/* End PBXShellScriptBuildPhase section */

/* Begin PBXSourcesBuildPhase section */
		D75E78FF239AD9F700EC8111 /* Sources */ = {
			isa = PBXSourcesBuildPhase;
			buildActionMask = 2147483647;
			files = (
				D7F5E5AC24FD269E003ABD52 /* NumbersView.swift in Sources */,
				D75E7907239AD9F700EC8111 /* AppDelegate.swift in Sources */,
				D7EA41C7250D392B006A220A /* CartesianBezierPath.swift in Sources */,
				D77DB412250AA1D5002B50EF /* PowerOfThreeView.swift in Sources */,
				D7A15683250E8A7C00F4B8A3 /* SingleAttributeViewController.m in Sources */,
				D7A15665250E8A7100F4B8A3 /* MASPreferencesWindowController.m in Sources */,
				D7F5E5AA24FD1FBF003ABD52 /* TicksView.swift in Sources */,
				D7A15680250E8A7C00F4B8A3 /* GeneralPreferencesViewController.m in Sources */,
				D7C38FD5250585D00084C2C9 /* PowerOfFourView.swift in Sources */,
				D75E790A239AD9F700EC8111 /* Alfonso_Equation_Editor.xcdatamodeld in Sources */,
				D75E7938239B12D100EC8111 /* Sinus.swift in Sources */,
				D75E793A239B187600EC8111 /* ParabolaView.swift in Sources */,
				D731085F24FD756300FA86BD /* DraggableClipView.swift in Sources */,
				D731083124FD450C00FA86BD /* SKTCenteringClipView.m in Sources */,
				D7A1565B250E5ECC00F4B8A3 /* CrossView.swift in Sources */,
				D76639A12503506F0044AFA1 /* AbstractEquationView.swift in Sources */,
				D7C38FCA250564650084C2C9 /* TangentView.swift in Sources */,
				D7A15681250E8A7C00F4B8A3 /* FontAndColorsPreferencesViewController.m in Sources */,
				D7C38FC8250563CF0084C2C9 /* CosinusView.swift in Sources */,
				D77DB414250AA30A002B50EF /* RettaView.swift in Sources */,
				D7C04C4524FA90B100EC9DD6 /* AxesView.swift in Sources */,
				D7A1567C250E8A7C00F4B8A3 /* SearchFieldEnabledValueTransformer.m in Sources */,
				D76639A32503631D0044AFA1 /* GridView.swift in Sources */,
				D711B50E250842FA00D1B510 /* CenteringClipView.swift in Sources */,
				D77DB410250A8D30002B50EF /* OrangeCenterView.swift in Sources */,
				D731082E24FD44FE00FA86BD /* SKTZoomingScrollView.m in Sources */,
				D77DB416250AA366002B50EF /* AbsoluteValueView.swift in Sources */,
				D75E7934239ADA1400EC8111 /* CartesianBackgroundView.swift in Sources */,
			);
			runOnlyForDeploymentPostprocessing = 0;
		};
		D75E7912239AD9F800EC8111 /* Sources */ = {
			isa = PBXSourcesBuildPhase;
			buildActionMask = 2147483647;
			files = (
				D75E791B239AD9F800EC8111 /* Alfonso_Equation_EditorTests.swift in Sources */,
			);
			runOnlyForDeploymentPostprocessing = 0;
		};
		D75E791D239AD9F800EC8111 /* Sources */ = {
			isa = PBXSourcesBuildPhase;
			buildActionMask = 2147483647;
			files = (
				D75E7926239AD9F800EC8111 /* Alfonso_Equation_EditorUITests.swift in Sources */,
			);
			runOnlyForDeploymentPostprocessing = 0;
		};
/* End PBXSourcesBuildPhase section */

/* Begin PBXTargetDependency section */
		D75E7918239AD9F800EC8111 /* PBXTargetDependency */ = {
			isa = PBXTargetDependency;
			target = D75E7902239AD9F700EC8111 /* Alfonso Equation Editor */;
			targetProxy = D75E7917239AD9F800EC8111 /* PBXContainerItemProxy */;
		};
		D75E7923239AD9F800EC8111 /* PBXTargetDependency */ = {
			isa = PBXTargetDependency;
			target = D75E7902239AD9F700EC8111 /* Alfonso Equation Editor */;
			targetProxy = D75E7922239AD9F800EC8111 /* PBXContainerItemProxy */;
		};
/* End PBXTargetDependency section */

/* Begin PBXVariantGroup section */
		D75E790D239AD9F800EC8111 /* MainMenu.xib */ = {
			isa = PBXVariantGroup;
			children = (
				D75E790E239AD9F800EC8111 /* Base */,
			);
			name = MainMenu.xib;
			sourceTree = "<group>";
		};
/* End PBXVariantGroup section */

/* Begin XCBuildConfiguration section */
		D75E7928239AD9F800EC8111 /* Debug */ = {
			isa = XCBuildConfiguration;
			buildSettings = {
				ALWAYS_SEARCH_USER_PATHS = NO;
				CLANG_ANALYZER_NONNULL = YES;
				CLANG_ANALYZER_NUMBER_OBJECT_CONVERSION = YES_AGGRESSIVE;
				CLANG_CXX_LANGUAGE_STANDARD = "gnu++14";
				CLANG_CXX_LIBRARY = "libc++";
				CLANG_ENABLE_MODULES = YES;
				CLANG_ENABLE_OBJC_ARC = YES;
				CLANG_ENABLE_OBJC_WEAK = YES;
				CLANG_WARN_BLOCK_CAPTURE_AUTORELEASING = YES;
				CLANG_WARN_BOOL_CONVERSION = YES;
				CLANG_WARN_COMMA = YES;
				CLANG_WARN_CONSTANT_CONVERSION = YES;
				CLANG_WARN_DEPRECATED_OBJC_IMPLEMENTATIONS = YES;
				CLANG_WARN_DIRECT_OBJC_ISA_USAGE = YES_ERROR;
				CLANG_WARN_DOCUMENTATION_COMMENTS = YES;
				CLANG_WARN_EMPTY_BODY = YES;
				CLANG_WARN_ENUM_CONVERSION = YES;
				CLANG_WARN_INFINITE_RECURSION = YES;
				CLANG_WARN_INT_CONVERSION = YES;
				CLANG_WARN_NON_LITERAL_NULL_CONVERSION = YES;
				CLANG_WARN_OBJC_IMPLICIT_RETAIN_SELF = YES;
				CLANG_WARN_OBJC_LITERAL_CONVERSION = YES;
				CLANG_WARN_OBJC_ROOT_CLASS = YES_ERROR;
				CLANG_WARN_RANGE_LOOP_ANALYSIS = YES;
				CLANG_WARN_STRICT_PROTOTYPES = YES;
				CLANG_WARN_SUSPICIOUS_MOVE = YES;
				CLANG_WARN_UNGUARDED_AVAILABILITY = YES_AGGRESSIVE;
				CLANG_WARN_UNREACHABLE_CODE = YES;
				CLANG_WARN__DUPLICATE_METHOD_MATCH = YES;
				COPY_PHASE_STRIP = NO;
				DEBUG_INFORMATION_FORMAT = dwarf;
				ENABLE_STRICT_OBJC_MSGSEND = YES;
				ENABLE_TESTABILITY = YES;
				GCC_C_LANGUAGE_STANDARD = gnu11;
				GCC_DYNAMIC_NO_PIC = NO;
				GCC_NO_COMMON_BLOCKS = YES;
				GCC_OPTIMIZATION_LEVEL = 0;
				GCC_PREPROCESSOR_DEFINITIONS = (
					"DEBUG=1",
					"$(inherited)",
				);
				GCC_WARN_64_TO_32_BIT_CONVERSION = YES;
				GCC_WARN_ABOUT_RETURN_TYPE = YES_ERROR;
				GCC_WARN_UNDECLARED_SELECTOR = YES;
				GCC_WARN_UNINITIALIZED_AUTOS = YES_AGGRESSIVE;
				GCC_WARN_UNUSED_FUNCTION = YES;
				GCC_WARN_UNUSED_VARIABLE = YES;
				MACOSX_DEPLOYMENT_TARGET = 10.10;
				MTL_ENABLE_DEBUG_INFO = INCLUDE_SOURCE;
				MTL_FAST_MATH = YES;
				ONLY_ACTIVE_ARCH = YES;
				SDKROOT = macosx;
				SWIFT_ACTIVE_COMPILATION_CONDITIONS = DEBUG;
				SWIFT_OPTIMIZATION_LEVEL = "-Onone";
			};
			name = Debug;
		};
		D75E7929239AD9F800EC8111 /* Release */ = {
			isa = XCBuildConfiguration;
			buildSettings = {
				ALWAYS_SEARCH_USER_PATHS = NO;
				CLANG_ANALYZER_NONNULL = YES;
				CLANG_ANALYZER_NUMBER_OBJECT_CONVERSION = YES_AGGRESSIVE;
				CLANG_CXX_LANGUAGE_STANDARD = "gnu++14";
				CLANG_CXX_LIBRARY = "libc++";
				CLANG_ENABLE_MODULES = YES;
				CLANG_ENABLE_OBJC_ARC = YES;
				CLANG_ENABLE_OBJC_WEAK = YES;
				CLANG_WARN_BLOCK_CAPTURE_AUTORELEASING = YES;
				CLANG_WARN_BOOL_CONVERSION = YES;
				CLANG_WARN_COMMA = YES;
				CLANG_WARN_CONSTANT_CONVERSION = YES;
				CLANG_WARN_DEPRECATED_OBJC_IMPLEMENTATIONS = YES;
				CLANG_WARN_DIRECT_OBJC_ISA_USAGE = YES_ERROR;
				CLANG_WARN_DOCUMENTATION_COMMENTS = YES;
				CLANG_WARN_EMPTY_BODY = YES;
				CLANG_WARN_ENUM_CONVERSION = YES;
				CLANG_WARN_INFINITE_RECURSION = YES;
				CLANG_WARN_INT_CONVERSION = YES;
				CLANG_WARN_NON_LITERAL_NULL_CONVERSION = YES;
				CLANG_WARN_OBJC_IMPLICIT_RETAIN_SELF = YES;
				CLANG_WARN_OBJC_LITERAL_CONVERSION = YES;
				CLANG_WARN_OBJC_ROOT_CLASS = YES_ERROR;
				CLANG_WARN_RANGE_LOOP_ANALYSIS = YES;
				CLANG_WARN_STRICT_PROTOTYPES = YES;
				CLANG_WARN_SUSPICIOUS_MOVE = YES;
				CLANG_WARN_UNGUARDED_AVAILABILITY = YES_AGGRESSIVE;
				CLANG_WARN_UNREACHABLE_CODE = YES;
				CLANG_WARN__DUPLICATE_METHOD_MATCH = YES;
				COPY_PHASE_STRIP = NO;
				DEBUG_INFORMATION_FORMAT = "dwarf-with-dsym";
				ENABLE_NS_ASSERTIONS = NO;
				ENABLE_STRICT_OBJC_MSGSEND = YES;
				GCC_C_LANGUAGE_STANDARD = gnu11;
				GCC_NO_COMMON_BLOCKS = YES;
				GCC_WARN_64_TO_32_BIT_CONVERSION = YES;
				GCC_WARN_ABOUT_RETURN_TYPE = YES_ERROR;
				GCC_WARN_UNDECLARED_SELECTOR = YES;
				GCC_WARN_UNINITIALIZED_AUTOS = YES_AGGRESSIVE;
				GCC_WARN_UNUSED_FUNCTION = YES;
				GCC_WARN_UNUSED_VARIABLE = YES;
				MACOSX_DEPLOYMENT_TARGET = 10.10;
				MTL_ENABLE_DEBUG_INFO = NO;
				MTL_FAST_MATH = YES;
				SDKROOT = macosx;
				SWIFT_COMPILATION_MODE = wholemodule;
				SWIFT_OPTIMIZATION_LEVEL = "-O";
			};
			name = Release;
		};
		D75E792B239AD9F800EC8111 /* Debug */ = {
			isa = XCBuildConfiguration;
			baseConfigurationReference = CCF39B7D02B47E679617F61B /* Pods-Alfonso Equation Editor.debug.xcconfig */;
			buildSettings = {
				ASSETCATALOG_COMPILER_APPICON_NAME = AppIcon;
				CLANG_ENABLE_MODULES = YES;
				CODE_SIGN_ENTITLEMENTS = "Alfonso Equation Editor/Alfonso_Equation_Editor.entitlements";
				CODE_SIGN_STYLE = Automatic;
				COMBINE_HIDPI_IMAGES = YES;
				DEVELOPMENT_TEAM = 65G6AG8SA4;
				ENABLE_HARDENED_RUNTIME = YES;
				INFOPLIST_FILE = "Alfonso Equation Editor/Info.plist";
				LD_RUNPATH_SEARCH_PATHS = (
					"$(inherited)",
					"@executable_path/../Frameworks",
				);
				PRODUCT_BUNDLE_IDENTIFIER = "com.alfonsotesauro.Alfonso-Equation-Editor";
				PRODUCT_NAME = "$(TARGET_NAME)";
				SWIFT_OBJC_BRIDGING_HEADER = "Alfonso Equation Editor/Alfonso Equation Editor-Bridging-Header.h";
				SWIFT_OPTIMIZATION_LEVEL = "-Onone";
				SWIFT_VERSION = 5.0;
			};
			name = Debug;
		};
		D75E792C239AD9F800EC8111 /* Release */ = {
			isa = XCBuildConfiguration;
			baseConfigurationReference = 2FF62BE588D8C7D7E1FC1AD5 /* Pods-Alfonso Equation Editor.release.xcconfig */;
			buildSettings = {
				ASSETCATALOG_COMPILER_APPICON_NAME = AppIcon;
				CLANG_ENABLE_MODULES = YES;
				CODE_SIGN_ENTITLEMENTS = "Alfonso Equation Editor/Alfonso_Equation_Editor.entitlements";
				CODE_SIGN_STYLE = Automatic;
				COMBINE_HIDPI_IMAGES = YES;
				DEVELOPMENT_TEAM = 65G6AG8SA4;
				ENABLE_HARDENED_RUNTIME = YES;
				INFOPLIST_FILE = "Alfonso Equation Editor/Info.plist";
				LD_RUNPATH_SEARCH_PATHS = (
					"$(inherited)",
					"@executable_path/../Frameworks",
				);
				PRODUCT_BUNDLE_IDENTIFIER = "com.alfonsotesauro.Alfonso-Equation-Editor";
				PRODUCT_NAME = "$(TARGET_NAME)";
				SWIFT_OBJC_BRIDGING_HEADER = "Alfonso Equation Editor/Alfonso Equation Editor-Bridging-Header.h";
				SWIFT_VERSION = 5.0;
			};
			name = Release;
		};
		D75E792E239AD9F800EC8111 /* Debug */ = {
			isa = XCBuildConfiguration;
			baseConfigurationReference = 4F4CA010A231D1F78FE1DA36 /* Pods-Alfonso Equation EditorTests.debug.xcconfig */;
			buildSettings = {
				ALWAYS_EMBED_SWIFT_STANDARD_LIBRARIES = YES;
				BUNDLE_LOADER = "$(TEST_HOST)";
				CODE_SIGN_STYLE = Automatic;
				COMBINE_HIDPI_IMAGES = YES;
				DEVELOPMENT_TEAM = 65G6AG8SA4;
				INFOPLIST_FILE = "Alfonso Equation EditorTests/Info.plist";
				LD_RUNPATH_SEARCH_PATHS = (
					"$(inherited)",
					"@executable_path/../Frameworks",
					"@loader_path/../Frameworks",
				);
				MACOSX_DEPLOYMENT_TARGET = 10.15;
				PRODUCT_BUNDLE_IDENTIFIER = "com.alfonsotesauro.Alfonso-Equation-EditorTests";
				PRODUCT_NAME = "$(TARGET_NAME)";
				SWIFT_VERSION = 5.0;
				TEST_HOST = "$(BUILT_PRODUCTS_DIR)/Alfonso Equation Editor.app/Contents/MacOS/Alfonso Equation Editor";
			};
			name = Debug;
		};
		D75E792F239AD9F800EC8111 /* Release */ = {
			isa = XCBuildConfiguration;
			baseConfigurationReference = AE2B5FA16F775FD03A2C1500 /* Pods-Alfonso Equation EditorTests.release.xcconfig */;
			buildSettings = {
				ALWAYS_EMBED_SWIFT_STANDARD_LIBRARIES = YES;
				BUNDLE_LOADER = "$(TEST_HOST)";
				CODE_SIGN_STYLE = Automatic;
				COMBINE_HIDPI_IMAGES = YES;
				DEVELOPMENT_TEAM = 65G6AG8SA4;
				INFOPLIST_FILE = "Alfonso Equation EditorTests/Info.plist";
				LD_RUNPATH_SEARCH_PATHS = (
					"$(inherited)",
					"@executable_path/../Frameworks",
					"@loader_path/../Frameworks",
				);
				MACOSX_DEPLOYMENT_TARGET = 10.15;
				PRODUCT_BUNDLE_IDENTIFIER = "com.alfonsotesauro.Alfonso-Equation-EditorTests";
				PRODUCT_NAME = "$(TARGET_NAME)";
				SWIFT_VERSION = 5.0;
				TEST_HOST = "$(BUILT_PRODUCTS_DIR)/Alfonso Equation Editor.app/Contents/MacOS/Alfonso Equation Editor";
			};
			name = Release;
		};
		D75E7931239AD9F800EC8111 /* Debug */ = {
			isa = XCBuildConfiguration;
			baseConfigurationReference = 4F01D70B01B45CF0E4114CC9 /* Pods-Alfonso Equation Editor-Alfonso Equation EditorUITests.debug.xcconfig */;
			buildSettings = {
				ALWAYS_EMBED_SWIFT_STANDARD_LIBRARIES = YES;
				CODE_SIGN_STYLE = Automatic;
				COMBINE_HIDPI_IMAGES = YES;
				DEVELOPMENT_TEAM = 65G6AG8SA4;
				INFOPLIST_FILE = "Alfonso Equation EditorUITests/Info.plist";
				LD_RUNPATH_SEARCH_PATHS = (
					"$(inherited)",
					"@executable_path/../Frameworks",
					"@loader_path/../Frameworks",
				);
				PRODUCT_BUNDLE_IDENTIFIER = "com.alfonsotesauro.Alfonso-Equation-EditorUITests";
				PRODUCT_NAME = "$(TARGET_NAME)";
				SWIFT_VERSION = 5.0;
				TEST_TARGET_NAME = "Alfonso Equation Editor";
			};
			name = Debug;
		};
		D75E7932239AD9F800EC8111 /* Release */ = {
			isa = XCBuildConfiguration;
			baseConfigurationReference = DA2DC54DCF33F70F7DB5DFEB /* Pods-Alfonso Equation Editor-Alfonso Equation EditorUITests.release.xcconfig */;
			buildSettings = {
				ALWAYS_EMBED_SWIFT_STANDARD_LIBRARIES = YES;
				CODE_SIGN_STYLE = Automatic;
				COMBINE_HIDPI_IMAGES = YES;
				DEVELOPMENT_TEAM = 65G6AG8SA4;
				INFOPLIST_FILE = "Alfonso Equation EditorUITests/Info.plist";
				LD_RUNPATH_SEARCH_PATHS = (
					"$(inherited)",
					"@executable_path/../Frameworks",
					"@loader_path/../Frameworks",
				);
				PRODUCT_BUNDLE_IDENTIFIER = "com.alfonsotesauro.Alfonso-Equation-EditorUITests";
				PRODUCT_NAME = "$(TARGET_NAME)";
				SWIFT_VERSION = 5.0;
				TEST_TARGET_NAME = "Alfonso Equation Editor";
			};
			name = Release;
		};
/* End XCBuildConfiguration section */

/* Begin XCConfigurationList section */
		D75E78FE239AD9F700EC8111 /* Build configuration list for PBXProject "Alfonso Equation Editor" */ = {
			isa = XCConfigurationList;
			buildConfigurations = (
				D75E7928239AD9F800EC8111 /* Debug */,
				D75E7929239AD9F800EC8111 /* Release */,
			);
			defaultConfigurationIsVisible = 0;
			defaultConfigurationName = Release;
		};
		D75E792A239AD9F800EC8111 /* Build configuration list for PBXNativeTarget "Alfonso Equation Editor" */ = {
			isa = XCConfigurationList;
			buildConfigurations = (
				D75E792B239AD9F800EC8111 /* Debug */,
				D75E792C239AD9F800EC8111 /* Release */,
			);
			defaultConfigurationIsVisible = 0;
			defaultConfigurationName = Release;
		};
		D75E792D239AD9F800EC8111 /* Build configuration list for PBXNativeTarget "Alfonso Equation EditorTests" */ = {
			isa = XCConfigurationList;
			buildConfigurations = (
				D75E792E239AD9F800EC8111 /* Debug */,
				D75E792F239AD9F800EC8111 /* Release */,
			);
			defaultConfigurationIsVisible = 0;
			defaultConfigurationName = Release;
		};
		D75E7930239AD9F800EC8111 /* Build configuration list for PBXNativeTarget "Alfonso Equation EditorUITests" */ = {
			isa = XCConfigurationList;
			buildConfigurations = (
				D75E7931239AD9F800EC8111 /* Debug */,
				D75E7932239AD9F800EC8111 /* Release */,
			);
			defaultConfigurationIsVisible = 0;
			defaultConfigurationName = Release;
		};
/* End XCConfigurationList section */

/* Begin XCVersionGroup section */
		D75E7908239AD9F700EC8111 /* Alfonso_Equation_Editor.xcdatamodeld */ = {
			isa = XCVersionGroup;
			children = (
				D75E7909239AD9F700EC8111 /* Alfonso_Equation_Editor.xcdatamodel */,
			);
			currentVersion = D75E7909239AD9F700EC8111 /* Alfonso_Equation_Editor.xcdatamodel */;
			path = Alfonso_Equation_Editor.xcdatamodeld;
			sourceTree = "<group>";
			versionGroupType = wrapper.xcdatamodel;
		};
/* End XCVersionGroup section */
	};
	rootObject = D75E78FB239AD9F700EC8111 /* Project object */;
}
